// !$*UTF8*$!
{
	archiveVersion = 1;
	classes = {
	};
	objectVersion = 50;
	objects = {

/* Begin PBXBuildFile section */
		558F707821FA543B00A698AE /* AppDelegate.m in Sources */ = {isa = PBXBuildFile; fileRef = 558F707721FA543B00A698AE /* AppDelegate.m */; };
		558F707B21FA543B00A698AE /* ViewController.m in Sources */ = {isa = PBXBuildFile; fileRef = 558F707A21FA543B00A698AE /* ViewController.m */; };
		558F707E21FA543B00A698AE /* Main.storyboard in Resources */ = {isa = PBXBuildFile; fileRef = 558F707C21FA543B00A698AE /* Main.storyboard */; };
		558F708021FA543E00A698AE /* Assets.xcassets in Resources */ = {isa = PBXBuildFile; fileRef = 558F707F21FA543E00A698AE /* Assets.xcassets */; };
		558F708321FA543E00A698AE /* LaunchScreen.storyboard in Resources */ = {isa = PBXBuildFile; fileRef = 558F708121FA543E00A698AE /* LaunchScreen.storyboard */; };
		558F708621FA543E00A698AE /* main.m in Sources */ = {isa = PBXBuildFile; fileRef = 558F708521FA543E00A698AE /* main.m */; };
		558F708E21FA552F00A698AE /* Todo.m in Sources */ = {isa = PBXBuildFile; fileRef = 558F708D21FA552F00A698AE /* Todo.m */; };
		558F709121FA572D00A698AE /* TodoTableViewCell.m in Sources */ = {isa = PBXBuildFile; fileRef = 558F709021FA572D00A698AE /* TodoTableViewCell.m */; };
		558F709421FA5B0A00A698AE /* TodoDetailsViewController.m in Sources */ = {isa = PBXBuildFile; fileRef = 558F709321FA5B0A00A698AE /* TodoDetailsViewController.m */; };
		558F709721FA5DA000A698AE /* AddTodoViewController.m in Sources */ = {isa = PBXBuildFile; fileRef = 558F709621FA5DA000A698AE /* AddTodoViewController.m */; };
/* End PBXBuildFile section */

/* Begin PBXFileReference section */
		558F707321FA543B00A698AE /* TodoDemo.app */ = {isa = PBXFileReference; explicitFileType = wrapper.application; includeInIndex = 0; path = TodoDemo.app; sourceTree = BUILT_PRODUCTS_DIR; };
		558F707621FA543B00A698AE /* AppDelegate.h */ = {isa = PBXFileReference; lastKnownFileType = sourcecode.c.h; path = AppDelegate.h; sourceTree = "<group>"; };
		558F707721FA543B00A698AE /* AppDelegate.m */ = {isa = PBXFileReference; lastKnownFileType = sourcecode.c.objc; path = AppDelegate.m; sourceTree = "<group>"; };
		558F707921FA543B00A698AE /* ViewController.h */ = {isa = PBXFileReference; lastKnownFileType = sourcecode.c.h; path = ViewController.h; sourceTree = "<group>"; };
		558F707A21FA543B00A698AE /* ViewController.m */ = {isa = PBXFileReference; lastKnownFileType = sourcecode.c.objc; path = ViewController.m; sourceTree = "<group>"; };
		558F707D21FA543B00A698AE /* Base */ = {isa = PBXFileReference; lastKnownFileType = file.storyboard; name = Base; path = Base.lproj/Main.storyboard; sourceTree = "<group>"; };
		558F707F21FA543E00A698AE /* Assets.xcassets */ = {isa = PBXFileReference; lastKnownFileType = folder.assetcatalog; path = Assets.xcassets; sourceTree = "<group>"; };
		558F708221FA543E00A698AE /* Base */ = {isa = PBXFileReference; lastKnownFileType = file.storyboard; name = Base; path = Base.lproj/LaunchScreen.storyboard; sourceTree = "<group>"; };
		558F708421FA543E00A698AE /* Info.plist */ = {isa = PBXFileReference; lastKnownFileType = text.plist.xml; path = Info.plist; sourceTree = "<group>"; };
		558F708521FA543E00A698AE /* main.m */ = {isa = PBXFileReference; lastKnownFileType = sourcecode.c.objc; path = main.m; sourceTree = "<group>"; };
		558F708C21FA552F00A698AE /* Todo.h */ = {isa = PBXFileReference; lastKnownFileType = sourcecode.c.h; path = Todo.h; sourceTree = "<group>"; };
		558F708D21FA552F00A698AE /* Todo.m */ = {isa = PBXFileReference; lastKnownFileType = sourcecode.c.objc; path = Todo.m; sourceTree = "<group>"; };
		558F708F21FA572D00A698AE /* TodoTableViewCell.h */ = {isa = PBXFileReference; lastKnownFileType = sourcecode.c.h; path = TodoTableViewCell.h; sourceTree = "<group>"; };
		558F709021FA572D00A698AE /* TodoTableViewCell.m */ = {isa = PBXFileReference; lastKnownFileType = sourcecode.c.objc; path = TodoTableViewCell.m; sourceTree = "<group>"; };
		558F709221FA5B0A00A698AE /* TodoDetailsViewController.h */ = {isa = PBXFileReference; lastKnownFileType = sourcecode.c.h; path = TodoDetailsViewController.h; sourceTree = "<group>"; };
		558F709321FA5B0A00A698AE /* TodoDetailsViewController.m */ = {isa = PBXFileReference; lastKnownFileType = sourcecode.c.objc; path = TodoDetailsViewController.m; sourceTree = "<group>"; };
		558F709521FA5DA000A698AE /* AddTodoViewController.h */ = {isa = PBXFileReference; lastKnownFileType = sourcecode.c.h; path = AddTodoViewController.h; sourceTree = "<group>"; };
		558F709621FA5DA000A698AE /* AddTodoViewController.m */ = {isa = PBXFileReference; lastKnownFileType = sourcecode.c.objc; path = AddTodoViewController.m; sourceTree = "<group>"; };
/* End PBXFileReference section */

/* Begin PBXFrameworksBuildPhase section */
		558F707021FA543B00A698AE /* Frameworks */ = {
			isa = PBXFrameworksBuildPhase;
			buildActionMask = 2147483647;
			files = (
			);
			runOnlyForDeploymentPostprocessing = 0;
		};
/* End PBXFrameworksBuildPhase section */

/* Begin PBXGroup section */
		558F706A21FA543B00A698AE = {
			isa = PBXGroup;
			children = (
				558F707521FA543B00A698AE /* TodoDemo */,
				558F707421FA543B00A698AE /* Products */,
			);
			sourceTree = "<group>";
		};
		558F707421FA543B00A698AE /* Products */ = {
			isa = PBXGroup;
			children = (
				558F707321FA543B00A698AE /* TodoDemo.app */,
			);
			name = Products;
			sourceTree = "<group>";
		};
		558F707521FA543B00A698AE /* TodoDemo */ = {
			isa = PBXGroup;
			children = (
				558F707621FA543B00A698AE /* AppDelegate.h */,
				558F707721FA543B00A698AE /* AppDelegate.m */,
				558F707921FA543B00A698AE /* ViewController.h */,
				558F707A21FA543B00A698AE /* ViewController.m */,
				558F707C21FA543B00A698AE /* Main.storyboard */,
				558F707F21FA543E00A698AE /* Assets.xcassets */,
				558F708121FA543E00A698AE /* LaunchScreen.storyboard */,
				558F708421FA543E00A698AE /* Info.plist */,
				558F708521FA543E00A698AE /* main.m */,
				558F708C21FA552F00A698AE /* Todo.h */,
				558F708D21FA552F00A698AE /* Todo.m */,
				558F708F21FA572D00A698AE /* TodoTableViewCell.h */,
				558F709021FA572D00A698AE /* TodoTableViewCell.m */,
				558F709221FA5B0A00A698AE /* TodoDetailsViewController.h */,
				558F709321FA5B0A00A698AE /* TodoDetailsViewController.m */,
				558F709521FA5DA000A698AE /* AddTodoViewController.h */,
				558F709621FA5DA000A698AE /* AddTodoViewController.m */,
			);
			path = TodoDemo;
			sourceTree = "<group>";
		};
/* End PBXGroup section */

/* Begin PBXNativeTarget section */
		558F707221FA543B00A698AE /* TodoDemo */ = {
			isa = PBXNativeTarget;
			buildConfigurationList = 558F708921FA543E00A698AE /* Build configuration list for PBXNativeTarget "TodoDemo" */;
			buildPhases = (
				558F706F21FA543B00A698AE /* Sources */,
				558F707021FA543B00A698AE /* Frameworks */,
				558F707121FA543B00A698AE /* Resources */,
			);
			buildRules = (
			);
			dependencies = (
			);
			name = TodoDemo;
			productName = TodoDemo;
			productReference = 558F707321FA543B00A698AE /* TodoDemo.app */;
			productType = "com.apple.product-type.application";
		};
/* End PBXNativeTarget section */

/* Begin PBXProject section */
		558F706B21FA543B00A698AE /* Project object */ = {
			isa = PBXProject;
			attributes = {
				LastUpgradeCheck = 1010;
				ORGANIZATIONNAME = "David Mills";
				TargetAttributes = {
					558F707221FA543B00A698AE = {
						CreatedOnToolsVersion = 10.1;
					};
				};
			};
			buildConfigurationList = 558F706E21FA543B00A698AE /* Build configuration list for PBXProject "TodoDemo" */;
			compatibilityVersion = "Xcode 9.3";
			developmentRegion = en;
			hasScannedForEncodings = 0;
			knownRegions = (
				en,
				Base,
			);
			mainGroup = 558F706A21FA543B00A698AE;
			productRefGroup = 558F707421FA543B00A698AE /* Products */;
			projectDirPath = "";
			projectRoot = "";
			targets = (
				558F707221FA543B00A698AE /* TodoDemo */,
			);
		};
/* End PBXProject section */

/* Begin PBXResourcesBuildPhase section */
		558F707121FA543B00A698AE /* Resources */ = {
			isa = PBXResourcesBuildPhase;
			buildActionMask = 2147483647;
			files = (
				558F708321FA543E00A698AE /* LaunchScreen.storyboard in Resources */,
				558F708021FA543E00A698AE /* Assets.xcassets in Resources */,
				558F707E21FA543B00A698AE /* Main.storyboard in Resources */,
			);
			runOnlyForDeploymentPostprocessing = 0;
		};
/* End PBXResourcesBuildPhase section */

/* Begin PBXSourcesBuildPhase section */
		558F706F21FA543B00A698AE /* Sources */ = {
			isa = PBXSourcesBuildPhase;
			buildActionMask = 2147483647;
			files = (
				558F707B21FA543B00A698AE /* ViewController.m in Sources */,
				558F708621FA543E00A698AE /* main.m in Sources */,
				558F709721FA5DA000A698AE /* AddTodoViewController.m in Sources */,
				558F709121FA572D00A698AE /* TodoTableViewCell.m in Sources */,
				558F707821FA543B00A698AE /* AppDelegate.m in Sources */,
				558F708E21FA552F00A698AE /* Todo.m in Sources */,
				558F709421FA5B0A00A698AE /* TodoDetailsViewController.m in Sources */,
			);
			runOnlyForDeploymentPostprocessing = 0;
		};
/* End PBXSourcesBuildPhase section */

/* Begin PBXVariantGroup section */
		558F707C21FA543B00A698AE /* Main.storyboard */ = {
			isa = PBXVariantGroup;
			children = (
				558F707D21FA543B00A698AE /* Base */,
			);
			name = Main.storyboard;
			sourceTree = "<group>";
		};
		558F708121FA543E00A698AE /* LaunchScreen.storyboard */ = {
			isa = PBXVariantGroup;
			children = (
				558F708221FA543E00A698AE /* Base */,
			);
			name = LaunchScreen.storyboard;
			sourceTree = "<group>";
		};
/* End PBXVariantGroup section */

/* Begin XCBuildConfiguration section */
		558F708721FA543E00A698AE /* Debug */ = {
			isa = XCBuildConfiguration;
			buildSettings = {
				ALWAYS_SEARCH_USER_PATHS = NO;
				CLANG_ANALYZER_NONNULL = YES;
				CLANG_ANALYZER_NUMBER_OBJECT_CONVERSION = YES_AGGRESSIVE;
				CLANG_CXX_LANGUAGE_STANDARD = "gnu++14";
				CLANG_CXX_LIBRARY = "libc++";
				CLANG_ENABLE_MODULES = YES;
				CLANG_ENABLE_OBJC_ARC = YES;
				CLANG_ENABLE_OBJC_WEAK = YES;
				CLANG_WARN_BLOCK_CAPTURE_AUTORELEASING = YES;
				CLANG_WARN_BOOL_CONVERSION = YES;
				CLANG_WARN_COMMA = YES;
				CLANG_WARN_CONSTANT_CONVERSION = YES;
				CLANG_WARN_DEPRECATED_OBJC_IMPLEMENTATIONS = YES;
				CLANG_WARN_DIRECT_OBJC_ISA_USAGE = YES_ERROR;
				CLANG_WARN_DOCUMENTATION_COMMENTS = YES;
				CLANG_WARN_EMPTY_BODY = YES;
				CLANG_WARN_ENUM_CONVERSION = YES;
				CLANG_WARN_INFINITE_RECURSION = YES;
				CLANG_WARN_INT_CONVERSION = YES;
				CLANG_WARN_NON_LITERAL_NULL_CONVERSION = YES;
				CLANG_WARN_OBJC_IMPLICIT_RETAIN_SELF = YES;
				CLANG_WARN_OBJC_LITERAL_CONVERSION = YES;
				CLANG_WARN_OBJC_ROOT_CLASS = YES_ERROR;
				CLANG_WARN_RANGE_LOOP_ANALYSIS = YES;
				CLANG_WARN_STRICT_PROTOTYPES = YES;
				CLANG_WARN_SUSPICIOUS_MOVE = YES;
				CLANG_WARN_UNGUARDED_AVAILABILITY = YES_AGGRESSIVE;
				CLANG_WARN_UNREACHABLE_CODE = YES;
				CLANG_WARN__DUPLICATE_METHOD_MATCH = YES;
				CODE_SIGN_IDENTITY = "iPhone Developer";
				COPY_PHASE_STRIP = NO;
				DEBUG_INFORMATION_FORMAT = dwarf;
				ENABLE_STRICT_OBJC_MSGSEND = YES;
				ENABLE_TESTABILITY = YES;
				GCC_C_LANGUAGE_STANDARD = gnu11;
				GCC_DYNAMIC_NO_PIC = NO;
				GCC_NO_COMMON_BLOCKS = YES;
				GCC_OPTIMIZATION_LEVEL = 0;
				GCC_PREPROCESSOR_DEFINITIONS = (
					"DEBUG=1",
					"$(inherited)",
				);
				GCC_WARN_64_TO_32_BIT_CONVERSION = YES;
				GCC_WARN_ABOUT_RETURN_TYPE = YES_ERROR;
				GCC_WARN_UNDECLARED_SELECTOR = YES;
				GCC_WARN_UNINITIALIZED_AUTOS = YES_AGGRESSIVE;
				GCC_WARN_UNUSED_FUNCTION = YES;
				GCC_WARN_UNUSED_VARIABLE = YES;
				IPHONEOS_DEPLOYMENT_TARGET = 12.1;
				MTL_ENABLE_DEBUG_INFO = INCLUDE_SOURCE;
				MTL_FAST_MATH = YES;
				ONLY_ACTIVE_ARCH = YES;
				SDKROOT = iphoneos;
			};
			name = Debug;
		};
		558F708821FA543E00A698AE /* Release */ = {
			isa = XCBuildConfiguration;
			buildSettings = {
				ALWAYS_SEARCH_USER_PATHS = NO;
				CLANG_ANALYZER_NONNULL = YES;
				CLANG_ANALYZER_NUMBER_OBJECT_CONVERSION = YES_AGGRESSIVE;
				CLANG_CXX_LANGUAGE_STANDARD = "gnu++14";
				CLANG_CXX_LIBRARY = "libc++";
				CLANG_ENABLE_MODULES = YES;
				CLANG_ENABLE_OBJC_ARC = YES;
				CLANG_ENABLE_OBJC_WEAK = YES;
				CLANG_WARN_BLOCK_CAPTURE_AUTORELEASING = YES;
				CLANG_WARN_BOOL_CONVERSION = YES;
				CLANG_WARN_COMMA = YES;
				CLANG_WARN_CONSTANT_CONVERSION = YES;
				CLANG_WARN_DEPRECATED_OBJC_IMPLEMENTATIONS = YES;
				CLANG_WARN_DIRECT_OBJC_ISA_USAGE = YES_ERROR;
				CLANG_WARN_DOCUMENTATION_COMMENTS = YES;
				CLANG_WARN_EMPTY_BODY = YES;
				CLANG_WARN_ENUM_CONVERSION = YES;
				CLANG_WARN_INFINITE_RECURSION = YES;
				CLANG_WARN_INT_CONVERSION = YES;
				CLANG_WARN_NON_LITERAL_NULL_CONVERSION = YES;
				CLANG_WARN_OBJC_IMPLICIT_RETAIN_SELF = YES;
				CLANG_WARN_OBJC_LITERAL_CONVERSION = YES;
				CLANG_WARN_OBJC_ROOT_CLASS = YES_ERROR;
				CLANG_WARN_RANGE_LOOP_ANALYSIS = YES;
				CLANG_WARN_STRICT_PROTOTYPES = YES;
				CLANG_WARN_SUSPICIOUS_MOVE = YES;
				CLANG_WARN_UNGUARDED_AVAILABILITY = YES_AGGRESSIVE;
				CLANG_WARN_UNREACHABLE_CODE = YES;
				CLANG_WARN__DUPLICATE_METHOD_MATCH = YES;
				CODE_SIGN_IDENTITY = "iPhone Developer";
				COPY_PHASE_STRIP = NO;
				DEBUG_INFORMATION_FORMAT = "dwarf-with-dsym";
				ENABLE_NS_ASSERTIONS = NO;
				ENABLE_STRICT_OBJC_MSGSEND = YES;
				GCC_C_LANGUAGE_STANDARD = gnu11;
				GCC_NO_COMMON_BLOCKS = YES;
				GCC_WARN_64_TO_32_BIT_CONVERSION = YES;
				GCC_WARN_ABOUT_RETURN_TYPE = YES_ERROR;
				GCC_WARN_UNDECLARED_SELECTOR = YES;
				GCC_WARN_UNINITIALIZED_AUTOS = YES_AGGRESSIVE;
				GCC_WARN_UNUSED_FUNCTION = YES;
				GCC_WARN_UNUSED_VARIABLE = YES;
				IPHONEOS_DEPLOYMENT_TARGET = 12.1;
				MTL_ENABLE_DEBUG_INFO = NO;
				MTL_FAST_MATH = YES;
				SDKROOT = iphoneos;
				VALIDATE_PRODUCT = YES;
			};
			name = Release;
		};
		558F708A21FA543E00A698AE /* Debug */ = {
			isa = XCBuildConfiguration;
			buildSettings = {
				ASSETCATALOG_COMPILER_APPICON_NAME = AppIcon;
				CODE_SIGN_STYLE = Automatic;
				DEVELOPMENT_TEAM = 8KDQYJRUV8;
				INFOPLIST_FILE = TodoDemo/Info.plist;
				LD_RUNPATH_SEARCH_PATHS = (
					"$(inherited)",
					"@executable_path/Frameworks",
				);
				PRODUCT_BUNDLE_IDENTIFIER = com.1morepx.lhl.TodoDemo;
				PRODUCT_NAME = "$(TARGET_NAME)";
				TARGETED_DEVICE_FAMILY = "1,2";
			};
			name = Debug;
		};
		558F708B21FA543E00A698AE /* Release */ = {
			isa = XCBuildConfiguration;
			buildSettings = {
				ASSETCATALOG_COMPILER_APPICON_NAME = AppIcon;
				CODE_SIGN_STYLE = Automatic;
				DEVELOPMENT_TEAM = 8KDQYJRUV8;
				INFOPLIST_FILE = TodoDemo/Info.plist;
				LD_RUNPATH_SEARCH_PATHS = (
					"$(inherited)",
					"@executable_path/Frameworks",
				);
				PRODUCT_BUNDLE_IDENTIFIER = com.1morepx.lhl.TodoDemo;
				PRODUCT_NAME = "$(TARGET_NAME)";
				TARGETED_DEVICE_FAMILY = "1,2";
			};
			name = Release;
		};
/* End XCBuildConfiguration section */

/* Begin XCConfigurationList section */
		558F706E21FA543B00A698AE /* Build configuration list for PBXProject "TodoDemo" */ = {
			isa = XCConfigurationList;
			buildConfigurations = (
				558F708721FA543E00A698AE /* Debug */,
				558F708821FA543E00A698AE /* Release */,
			);
			defaultConfigurationIsVisible = 0;
			defaultConfigurationName = Release;
		};
		558F708921FA543E00A698AE /* Build configuration list for PBXNativeTarget "TodoDemo" */ = {
			isa = XCConfigurationList;
			buildConfigurations = (
				558F708A21FA543E00A698AE /* Debug */,
				558F708B21FA543E00A698AE /* Release */,
			);
			defaultConfigurationIsVisible = 0;
			defaultConfigurationName = Release;
		};
/* End XCConfigurationList section */
	};
	rootObject = 558F706B21FA543B00A698AE /* Project object */;
}
